// !$*UTF8*$!
{ archiveVersion = 1; classes = {}; objectVersion = 56; objects = {
396FECAF47F3D1FE4FF49C49 = { isa = PBXFileReference; lastKnownFileType = sourcecode.swift; path = "StowKitShare/ShareViewController.swift"; sourceTree = SOURCE_ROOT; };
D0870153BF279E67DEB7C51C = { isa = PBXFileReference; lastKnownFileType = sourcecode.swift; path = "StowKitShare/WebPagePDF.swift"; sourceTree = SOURCE_ROOT; };
4BE68C1171FBF59CC7D34A77 = { isa = PBXFileReference; lastKnownFileType = sourcecode.swift; path = "Shared/ShareDropbox.swift"; sourceTree = SOURCE_ROOT; };
EA140879BA2F3B4E476F8457 = { isa = PBXFileReference; lastKnownFileType = text.plist.xml; path = "StowKitShare/Info.plist"; sourceTree = SOURCE_ROOT; };
FEB3A3F80E7CE9A6533E2D0A = { isa = PBXFileReference; lastKnownFileType = text.plist.entitlements; path = "StowKitShare/StowKitShare.entitlements"; sourceTree = SOURCE_ROOT; };
581A6C654BF55CFFF6F08C5C = { isa = PBXFileReference; explicitFileType = "wrapper.app-extension"; includeInIndex = 0; path = StowKitShare.appex; sourceTree = BUILT_PRODUCTS_DIR; };
98A2180183DD5777B7D9F9F0 = { isa = PBXBuildFile; fileRef = 396FECAF47F3D1FE4FF49C49; };
82960EFEAC3B3265BB7C6DA9 = { isa = PBXBuildFile; fileRef = D0870153BF279E67DEB7C51C; };
350B5A0B20D57C9FA2B9DAD8 = { isa = PBXBuildFile; fileRef = 4BE68C1171FBF59CC7D34A77; };
6FDA435BE3578F789F00314C = { isa = PBXBuildFile; fileRef = 4BE68C1171FBF59CC7D34A77; };
AAC7D89FA34615D4C094FDF2 = { isa = PBXBuildFile; fileRef = 581A6C654BF55CFFF6F08C5C; settings = { ATTRIBUTES = (RemoveHeadersOnCopy, ); }; };
0C3A9398DA9CBF108738EF92 = { isa = PBXSourcesBuildPhase; buildActionMask = 2147483647; files = (98A2180183DD5777B7D9F9F0, 82960EFEAC3B3265BB7C6DA9, 350B5A0B20D57C9FA2B9DAD8); runOnlyForDeploymentPostprocessing = 0; };
99DA78CE3C15D234B4A16276 = { isa = PBXFrameworksBuildPhase; buildActionMask = 2147483647; files = (); runOnlyForDeploymentPostprocessing = 0; };
DAB83A5A2C85471E0A3638BD = { isa = PBXResourcesBuildPhase; buildActionMask = 2147483647; files = (); runOnlyForDeploymentPostprocessing = 0; };
65716CC156F7C576F3479D2A = { isa = PBXCopyFilesBuildPhase; buildActionMask = 2147483647; dstPath = ""; dstSubfolderSpec = 13; files = (AAC7D89FA34615D4C094FDF2); name = "Embed Foundation Extensions"; runOnlyForDeploymentPostprocessing = 0; };
D3826465AAC0F2F19CEB413F = { isa = XCBuildConfiguration; buildSettings = { MACOSX_DEPLOYMENT_TARGET = 14.0; SDKROOT = macosx; SWIFT_VERSION = 5.0; PRODUCT_BUNDLE_IDENTIFIER = com.stowkit.app.share; PRODUCT_NAME = StowKitShare; INFOPLIST_FILE = StowKitShare/Info.plist; GENERATE_INFOPLIST_FILE = YES; CODE_SIGN_ENTITLEMENTS = StowKitShare/StowKitShare.entitlements; CODE_SIGN_STYLE = Automatic; CODE_SIGN_IDENTITY = "-"; SKIP_INSTALL = YES; APPLICATION_EXTENSION_API_ONLY = YES; LD_RUNPATH_SEARCH_PATHS = "$(inherited) @executable_path/../Frameworks @executable_path/../../../../Frameworks"; MARKETING_VERSION = 1.6.0; CURRENT_PROJECT_VERSION = 12; SWIFT_OPTIMIZATION_LEVEL = "-Onone"; DEBUG_INFORMATION_FORMAT = dwarf; }; name = Debug; };
2CF59F7CD01CA197DF6967DE = { isa = XCBuildConfiguration; buildSettings = { MACOSX_DEPLOYMENT_TARGET = 14.0; SDKROOT = macosx; SWIFT_VERSION = 5.0; PRODUCT_BUNDLE_IDENTIFIER = com.stowkit.app.share; PRODUCT_NAME = StowKitShare; INFOPLIST_FILE = StowKitShare/Info.plist; GENERATE_INFOPLIST_FILE = YES; CODE_SIGN_ENTITLEMENTS = StowKitShare/StowKitShare.entitlements; CODE_SIGN_STYLE = Automatic; CODE_SIGN_IDENTITY = "-"; SKIP_INSTALL = YES; APPLICATION_EXTENSION_API_ONLY = YES; LD_RUNPATH_SEARCH_PATHS = "$(inherited) @executable_path/../Frameworks @executable_path/../../../../Frameworks"; MARKETING_VERSION = 1.6.0; CURRENT_PROJECT_VERSION = 12; SWIFT_OPTIMIZATION_LEVEL = "-O"; }; name = Release; };
C355781AAE1128CD30C5C8F5 = { isa = XCConfigurationList; buildConfigurations = (D3826465AAC0F2F19CEB413F, 2CF59F7CD01CA197DF6967DE); defaultConfigurationIsVisible = 0; defaultConfigurationName = Release; };
0B26572DDB81E8C3CA5B5CA1 = { isa = PBXNativeTarget; buildConfigurationList = C355781AAE1128CD30C5C8F5; buildPhases = (0C3A9398DA9CBF108738EF92, 99DA78CE3C15D234B4A16276, DAB83A5A2C85471E0A3638BD); buildRules = (); dependencies = (); name = StowKitShare; productName = StowKitShare; productReference = 581A6C654BF55CFFF6F08C5C; productType = "com.apple.product-type.app-extension"; };
91072C525EC3CC6E3FF18E70 = { isa = PBXContainerItemProxy; containerPortal = 98F54143AB4E86B28C3AFEE0; proxyType = 1; remoteGlobalIDString = 0B26572DDB81E8C3CA5B5CA1; remoteInfo = StowKitShare; };
42BB48D6FFD5D9CE36C6FB53 = { isa = PBXTargetDependency; target = 0B26572DDB81E8C3CA5B5CA1; targetProxy = 91072C525EC3CC6E3FF18E70; };
58D7428B4ACF5FD4030C44D6 = { isa = PBXGroup; children = (396FECAF47F3D1FE4FF49C49, D0870153BF279E67DEB7C51C, EA140879BA2F3B4E476F8457, FEB3A3F80E7CE9A6533E2D0A); name = StowKitShare; sourceTree = "<group>"; };
C099D8AA285B684B762D3338 = { isa = XCRemoteSwiftPackageReference; repositoryURL = "https://github.com/sparkle-project/Sparkle"; requirement = { kind = upToNextMajorVersion; minimumVersion = 2.6.0; }; };
9F4B72815D80F634875645B8 = { isa = XCSwiftPackageProductDependency; package = C099D8AA285B684B762D3338; productName = Sparkle; };
827E8B253107D21CE9382544 = { isa = PBXBuildFile; productRef = 9F4B72815D80F634875645B8; };
20F8FD84435DE247AEE0F806 = { isa = PBXFileReference; lastKnownFileType = sourcecode.swift; path = "StowKit/Cloud/CloudLiveVerification.swift"; sourceTree = SOURCE_ROOT; };
487506EC9459B1A02E20B935 = { isa = PBXBuildFile; fileRef = 20F8FD84435DE247AEE0F806; };
DEC61178702B9F76EB775EA7 = { isa = PBXFileReference; lastKnownFileType = sourcecode.swift; path = "StowKit/Cloud/CloudRecordOperations.swift"; sourceTree = SOURCE_ROOT; };
3AA5E5E05A45FE6D2D77999A = { isa = PBXBuildFile; fileRef = DEC61178702B9F76EB775EA7; };
B45BCF3A7993054748AF4648 = { isa = PBXFileReference; lastKnownFileType = sourcecode.swift; path = "StowKitTests/CloudArchiveTests.swift"; sourceTree = SOURCE_ROOT; };
ECB497DED8DA98D89D1BF8E6 = { isa = PBXFileReference; lastKnownFileType = sourcecode.swift; path = "StowKitTests/ReminderTests.swift"; sourceTree = SOURCE_ROOT; };
2C2EBADE8B11F245718C982F = { isa = PBXBuildFile; fileRef = ECB497DED8DA98D89D1BF8E6; };
6BBA5C50A533E56DA39A97B2 = { isa = PBXFileReference; lastKnownFileType = sourcecode.swift; path = "StowKitTests/EntityTests.swift"; sourceTree = SOURCE_ROOT; };
4A213A7B760EAC2C3E1E66D0 = { isa = PBXBuildFile; fileRef = 6BBA5C50A533E56DA39A97B2; };
B639934F648441CEE1B09EF3 = { isa = PBXFileReference; lastKnownFileType = sourcecode.swift; path = "StowKitTests/BulkEditTests.swift"; sourceTree = SOURCE_ROOT; };
B4856D93B1A33138802389A3 = { isa = PBXBuildFile; fileRef = B639934F648441CEE1B09EF3; };
C062F2871E6CAB4D7703358B = { isa = PBXFileReference; lastKnownFileType = sourcecode.swift; path = "StowKitTests/PaperlessTests.swift"; sourceTree = SOURCE_ROOT; };
9F11C53318053EDAC9816C74 = { isa = PBXBuildFile; fileRef = C062F2871E6CAB4D7703358B; };
7B2F6EB20932369630280EEE = { isa = PBXFileReference; lastKnownFileType = sourcecode.swift; path = "StowKitTests/FilterTests.swift"; sourceTree = SOURCE_ROOT; };
2DABF0EBECE4AD26C82911B2 = { isa = PBXFileReference; lastKnownFileType = sourcecode.swift; path = "StowKitTests/HomeTests.swift"; sourceTree = SOURCE_ROOT; };
17A81FD4A320616EAFC1528A = { isa = PBXBuildFile; fileRef = 2DABF0EBECE4AD26C82911B2; };
0EF9EA3197ED864F7DAAE0E5 = { isa = PBXBuildFile; fileRef = 7B2F6EB20932369630280EEE; };
756D040CDAE77070E26956F6 = { isa = PBXFileReference; lastKnownFileType = sourcecode.swift; path = "StowKitTests/DocumentFactsTests.swift"; sourceTree = SOURCE_ROOT; };
CA585D69EA4E4471E1D16759 = { isa = PBXBuildFile; fileRef = 756D040CDAE77070E26956F6; };
FC00ED79DE8742F4539622CD = { isa = PBXFileReference; lastKnownFileType = sourcecode.swift; path = "StowKitTests/ExportTests.swift"; sourceTree = SOURCE_ROOT; };
5542663B1A997AABC94D401E = { isa = PBXBuildFile; fileRef = FC00ED79DE8742F4539622CD; };
133CCAFED425492046D8E699 = { isa = PBXFileReference; lastKnownFileType = sourcecode.swift; path = "StowKitTests/ShareExtensionTests.swift"; sourceTree = SOURCE_ROOT; };
B3446E6E531CE9203B41D7D5 = { isa = PBXBuildFile; fileRef = 133CCAFED425492046D8E699; };
5052D165161622CD465E5B12 = { isa = PBXFileReference; lastKnownFileType = sourcecode.swift; path = "StowKitTests/InboxBatchTests.swift"; sourceTree = SOURCE_ROOT; };
CBA1BDB2491A54DC70A6A8D0 = { isa = PBXBuildFile; fileRef = 5052D165161622CD465E5B12; };
BF5359881044D9869C31102D = { isa = PBXFileReference; lastKnownFileType = sourcecode.swift; path = "StowKitTests/FilingRulesTests.swift"; sourceTree = SOURCE_ROOT; };
7B1CEF00C76CC3D0BED15E6A = { isa = PBXBuildFile; fileRef = BF5359881044D9869C31102D; };
0CA5BBAD66A9AF5257849AC6 = { isa = PBXFileReference; lastKnownFileType = sourcecode.swift; path = "StowKitTests/InboxFolderTests.swift"; sourceTree = SOURCE_ROOT; };
B840F64A67B8112A2BCFA82A = { isa = PBXBuildFile; fileRef = 0CA5BBAD66A9AF5257849AC6; };
4DDD4465B8CE9A52A27F6505 = { isa = PBXFileReference; lastKnownFileType = sourcecode.swift; path = "StowKitTests/OneArchiveTests.swift"; sourceTree = SOURCE_ROOT; };
68172A036132BE8AF472F94E = { isa = PBXBuildFile; fileRef = 4DDD4465B8CE9A52A27F6505; };
729DDE4DCCAF79E9ED1F4042 = { isa = PBXBuildFile; fileRef = B45BCF3A7993054748AF4648; };
0B9D64D2D3D19C61B08A7DBE = { isa = PBXFileReference; lastKnownFileType = sourcecode.swift; path = "StowKit/Features/Library/CloudSettingsView.swift"; sourceTree = SOURCE_ROOT; };
DCD5EBD51DD78E786A9BBAB0 = { isa = PBXFileReference; lastKnownFileType = sourcecode.swift; path = "StowKit/Features/Library/UpdateSettingsView.swift"; sourceTree = SOURCE_ROOT; };
FC1F99484A2CC2F2AE3660CF = { isa = PBXBuildFile; fileRef = DCD5EBD51DD78E786A9BBAB0; };
51FBE846D0855E03269E0ADC = { isa = PBXFileReference; lastKnownFileType = sourcecode.swift; path = "StowKit/Features/Library/FilingRulesView.swift"; sourceTree = SOURCE_ROOT; };
4EDEFEFA3F92910425076C7C = { isa = PBXFileReference; lastKnownFileType = sourcecode.swift; path = "StowKit/Features/Library/OrganizeInboxView.swift"; sourceTree = SOURCE_ROOT; };
FE4ABBD09037A1ECF4922F01 = { isa = PBXBuildFile; fileRef = 4EDEFEFA3F92910425076C7C; };
2DC3D92F75B6CBE3B9B2F926 = { isa = PBXBuildFile; fileRef = 51FBE846D0855E03269E0ADC; };
9CC3EBA2417C9B37F12671C0 = { isa = PBXFileReference; lastKnownFileType = sourcecode.swift; path = "StowKit/Features/Library/InboxFolderSettingsView.swift"; sourceTree = SOURCE_ROOT; };
A083BB4FA50C448BE7574268 = { isa = PBXBuildFile; fileRef = 9CC3EBA2417C9B37F12671C0; };
F0409EFDC22FDC270B459A2D = { isa = PBXBuildFile; fileRef = 0B9D64D2D3D19C61B08A7DBE; };
CF605CD8C8D4FC066C4D627B = { isa = PBXFileReference; lastKnownFileType = sourcecode.swift; path = "StowKit/Cloud/CloudSetup.swift"; sourceTree = SOURCE_ROOT; };
79FC0FE6C1F5BAA7A7DED26F = { isa = PBXBuildFile; fileRef = CF605CD8C8D4FC066C4D627B; };
9BC45A77D034F012EBF0DC47 = { isa = PBXFileReference; lastKnownFileType = sourcecode.swift; path = "StowKit/Sync/CloudModels.swift"; sourceTree = SOURCE_ROOT; };
764476345A99A2EA9C1BE5BA = { isa = PBXBuildFile; fileRef = 9BC45A77D034F012EBF0DC47; };
E07771A3EF4ED5AAA3B7186C = { isa = PBXFileReference; lastKnownFileType = sourcecode.swift; path = "StowKit/Persistence/CloudSchema.swift"; sourceTree = SOURCE_ROOT; };
E38F65B62596FCE5D3B972DD = { isa = PBXBuildFile; fileRef = E07771A3EF4ED5AAA3B7186C; };
0441F293FB91AEDF5F01DB8F = { isa = PBXFileReference; lastKnownFileType = sourcecode.swift; path = "StowKit/Persistence/ArchiveRepository+CloudText.swift"; sourceTree = SOURCE_ROOT; };
3A4634CF1599F940F11D185C = { isa = PBXBuildFile; fileRef = 0441F293FB91AEDF5F01DB8F; };
27428F6653DEFF9C51F3BBBE = { isa = PBXFileReference; lastKnownFileType = sourcecode.swift; path = "StowKit/Persistence/ArchiveRepository+CloudSession.swift"; sourceTree = SOURCE_ROOT; };
91A37FE6D244C50237EC44F0 = { isa = PBXBuildFile; fileRef = 27428F6653DEFF9C51F3BBBE; };
D102DFB9C12FF29730D30C31 = { isa = PBXFileReference; lastKnownFileType = sourcecode.swift; path = "StowKit/Persistence/ArchiveRepository+CloudRecords.swift"; sourceTree = SOURCE_ROOT; };
428DFC41C0617EB1476D00DF = { isa = PBXBuildFile; fileRef = D102DFB9C12FF29730D30C31; };
FDC85A9BA3AFA502BAA492BF = { isa = PBXFileReference; lastKnownFileType = sourcecode.swift; path = "StowKit/Cloud/CloudSyncCoordinator.swift"; sourceTree = SOURCE_ROOT; };
942DBB001F32C08234E5CB20 = { isa = PBXBuildFile; fileRef = FDC85A9BA3AFA502BAA492BF; };
021E111DB0DF2B9038050E95 = { isa = PBXFileReference; lastKnownFileType = sourcecode.swift; path = "StowKit/Cloud/CloudKitArchiveTransport.swift"; sourceTree = SOURCE_ROOT; };
25585F1352E1A34AFCBF38DE = { isa = PBXBuildFile; fileRef = 021E111DB0DF2B9038050E95; };
1FC598B76858FF99706E66AE = { isa = PBXFileReference; lastKnownFileType = sourcecode.swift; path = "StowKitTests/SyncRecoveryTests.swift"; sourceTree = SOURCE_ROOT; };
42443DFA6912A8A5C02A286C = { isa = PBXBuildFile; fileRef = 1FC598B76858FF99706E66AE; };
0918EB2174F9CFE752BEAE40 = { isa = PBXFileReference; lastKnownFileType = sourcecode.swift; path = "StowKit/Sync/IncomingMetadata.swift"; sourceTree = SOURCE_ROOT; };
7B40B5121F1247E95E367694 = { isa = PBXBuildFile; fileRef = 0918EB2174F9CFE752BEAE40; };
BF5278EAB9031429C49481F7 = { isa = PBXFileReference; lastKnownFileType = sourcecode.swift; path = "StowKit/Persistence/ArchiveRepository+SyncRecovery.swift"; sourceTree = SOURCE_ROOT; };
53F70BC759C3F7AE6FBA05E6 = { isa = PBXBuildFile; fileRef = BF5278EAB9031429C49481F7; };
D86855C9F0924E342069C30B = { isa = PBXFileReference; lastKnownFileType = sourcecode.swift; path = "StowKit/Persistence/SyncRecoverySchema.swift"; sourceTree = SOURCE_ROOT; };
4A5462FE9AE85ACF85869634 = { isa = PBXBuildFile; fileRef = D86855C9F0924E342069C30B; };
353605D2A8807948AC281AB0 = { isa = PBXFileReference; lastKnownFileType = sourcecode.swift; path = "StowKitTests/SyncTests.swift"; sourceTree = SOURCE_ROOT; };
5AF3A122AD3FBF845403FE37 = { isa = PBXBuildFile; fileRef = 353605D2A8807948AC281AB0; };
B3ED61335751B1A14750D563 = { isa = PBXFileReference; lastKnownFileType = sourcecode.swift; path = "StowKit/Persistence/ArchiveRepository+Sync.swift"; sourceTree = SOURCE_ROOT; };
24503C97948286A22D45A5BD = { isa = PBXBuildFile; fileRef = B3ED61335751B1A14750D563; };
9D2532FB24693CC22DA85EAE = { isa = PBXFileReference; lastKnownFileType = sourcecode.swift; path = "StowKit/Persistence/SyncSchema.swift"; sourceTree = SOURCE_ROOT; };
C3EA9742A880B18E4965BE2E = { isa = PBXBuildFile; fileRef = 9D2532FB24693CC22DA85EAE; };
042DEAE6E6299F1C736E05A9 = { isa = PBXFileReference; lastKnownFileType = sourcecode.swift; path = "StowKit/Sync/SyncMetadata.swift"; sourceTree = SOURCE_ROOT; };
836EA3ACC73528FAF3C8A339 = { isa = PBXBuildFile; fileRef = 042DEAE6E6299F1C736E05A9; };
50DA41C9199CD8E422D6F5D7 = { isa = PBXFileReference; lastKnownFileType = sourcecode.swift; path = "StowKit/App/LibraryStore.swift"; sourceTree = SOURCE_ROOT; };
284B6E0FE9609C4C84A78E3F = { isa = PBXBuildFile; fileRef = 50DA41C9199CD8E422D6F5D7; };
7E2BBAF152A87E3FB0441DB6 = { isa = PBXFileReference; lastKnownFileType = sourcecode.swift; path = "StowKit/App/StowKitApp.swift"; sourceTree = SOURCE_ROOT; };
B993E1CA885589E6FBCE4497 = { isa = PBXFileReference; lastKnownFileType = sourcecode.swift; path = "StowKit/App/Updater.swift"; sourceTree = SOURCE_ROOT; };
96D1FA386BEC58B5314BCFFC = { isa = PBXBuildFile; fileRef = B993E1CA885589E6FBCE4497; };
442D5EE8C3DDE7D11F2897CB = { isa = PBXFileReference; lastKnownFileType = folder.assetcatalog; path = "StowKit/Assets.xcassets"; sourceTree = SOURCE_ROOT; };
DECED9A3E85BA56A70A4D7D2 = { isa = PBXBuildFile; fileRef = 442D5EE8C3DDE7D11F2897CB; };
C34BF991EA6A985E56BE63D5 = { isa = PBXFileReference; lastKnownFileType = sourcecode.swift; path = "StowKit/App/InboxFolder.swift"; sourceTree = SOURCE_ROOT; };
515413DACC7D7B676E1F08E2 = { isa = PBXBuildFile; fileRef = C34BF991EA6A985E56BE63D5; };
15EF950F6351C8658808B539 = { isa = PBXBuildFile; fileRef = 7E2BBAF152A87E3FB0441DB6; };
4CE7F865110DB3DB0272DDF4 = { isa = PBXFileReference; lastKnownFileType = sourcecode.swift; path = "StowKit/Features/DocumentViewer/DocumentDetailView.swift"; sourceTree = SOURCE_ROOT; };
A17CD8552A9548E90D03A8FA = { isa = PBXBuildFile; fileRef = 4CE7F865110DB3DB0272DDF4; };
B7D5DAF3BDEC2B44A8A7AAEA = { isa = PBXFileReference; lastKnownFileType = sourcecode.swift; path = "StowKit/Features/DocumentViewer/ProcessingInspector.swift"; sourceTree = SOURCE_ROOT; };
06B8ECDA16C4016E8E821197 = { isa = PBXBuildFile; fileRef = B7D5DAF3BDEC2B44A8A7AAEA; };
6E6AA48223354051E1F6466C = { isa = PBXFileReference; lastKnownFileType = sourcecode.swift; path = "StowKit/Features/DocumentViewer/UnderstandingInspector.swift"; sourceTree = SOURCE_ROOT; };
CA6F76C22A3A37FB169F95F9 = { isa = PBXFileReference; lastKnownFileType = sourcecode.swift; path = "StowKit/Features/DocumentViewer/InboxReviewCard.swift"; sourceTree = SOURCE_ROOT; };
39702E5CC26F603D8AAF91D9 = { isa = PBXFileReference; lastKnownFileType = sourcecode.swift; path = "StowKit/Features/DocumentViewer/UpcomingRow.swift"; sourceTree = SOURCE_ROOT; };
CBD4870F4AAEB65DEEDC1A23 = { isa = PBXBuildFile; fileRef = 39702E5CC26F603D8AAF91D9; };
42242AFADE1B034AF3BB8F80 = { isa = PBXFileReference; lastKnownFileType = sourcecode.swift; path = "StowKit/Features/DocumentViewer/RelatedDocumentsView.swift"; sourceTree = SOURCE_ROOT; };
726C6709EBF9D06EF096752F = { isa = PBXBuildFile; fileRef = 42242AFADE1B034AF3BB8F80; };
D189B31936A16A617FF91BAA = { isa = PBXBuildFile; fileRef = CA6F76C22A3A37FB169F95F9; };
1591C7A7F80AE3E255CDE741 = { isa = PBXBuildFile; fileRef = 6E6AA48223354051E1F6466C; };
4BB8A0B530208C132ECF38AC = { isa = PBXFileReference; lastKnownFileType = sourcecode.swift; path = "StowKit/Features/Library/LibraryView.swift"; sourceTree = SOURCE_ROOT; };
8EDFB1FBA342D31C796091FE = { isa = PBXFileReference; lastKnownFileType = sourcecode.swift; path = "StowKit/Features/Library/FilterBar.swift"; sourceTree = SOURCE_ROOT; };
9051466215C1BA545E4FAFBD = { isa = PBXFileReference; lastKnownFileType = sourcecode.swift; path = "StowKit/Features/Library/HomeView.swift"; sourceTree = SOURCE_ROOT; };
B30C2AED4C744D8325D66081 = { isa = PBXBuildFile; fileRef = 9051466215C1BA545E4FAFBD; };
3FB3344DF19A32BCFBE0874E = { isa = PBXFileReference; lastKnownFileType = sourcecode.swift; path = "StowKit/Features/Library/BulkEditView.swift"; sourceTree = SOURCE_ROOT; };
4D96D35BEB4ED74AEF503F6C = { isa = PBXBuildFile; fileRef = 3FB3344DF19A32BCFBE0874E; };
0F12636F5F2A1878F7697D46 = { isa = PBXBuildFile; fileRef = 8EDFB1FBA342D31C796091FE; };
BCB66CF74DFBD2F5CAFE07B2 = { isa = PBXBuildFile; fileRef = 4BB8A0B530208C132ECF38AC; };
5D53C511FF4F18D0A7F2555B = { isa = PBXFileReference; lastKnownFileType = sourcecode.swift; path = "StowKit/Intelligence/AppleFoundationModelProvider.swift"; sourceTree = SOURCE_ROOT; };
380E5C31211C4BF4CDD0D1D4 = { isa = PBXBuildFile; fileRef = 5D53C511FF4F18D0A7F2555B; };
CE12998618369E48B346F27F = { isa = PBXFileReference; lastKnownFileType = sourcecode.swift; path = "StowKit/Intelligence/DocumentUnderstanding.swift"; sourceTree = SOURCE_ROOT; };
6FA22E97A3E97FC3F5C0E143 = { isa = PBXBuildFile; fileRef = CE12998618369E48B346F27F; };
14A139B9A39A087E42B76373 = { isa = PBXFileReference; lastKnownFileType = sourcecode.swift; path = "StowKit/Intelligence/RuleBasedProvider.swift"; sourceTree = SOURCE_ROOT; };
DF2E83EFE0860EAA45E04E3E = { isa = PBXFileReference; lastKnownFileType = sourcecode.swift; path = "StowKit/Intelligence/DocumentFacts.swift"; sourceTree = SOURCE_ROOT; };
FE6927336E3E3BC55693033B = { isa = PBXBuildFile; fileRef = DF2E83EFE0860EAA45E04E3E; };
AFDC67958D15342D44AA592B = { isa = PBXBuildFile; fileRef = 14A139B9A39A087E42B76373; };
72EE60A5A6B6AA02350820AB = { isa = PBXFileReference; lastKnownFileType = sourcecode.swift; path = "StowKit/Models/Storage.swift"; sourceTree = SOURCE_ROOT; };
7DB3C5E087D219FDCC0EDCF9 = { isa = PBXBuildFile; fileRef = 72EE60A5A6B6AA02350820AB; };
A0656D9DC3689CC2DCC58FD8 = { isa = PBXFileReference; lastKnownFileType = sourcecode.swift; path = "StowKit/Features/Library/ArchiveUsageView.swift"; sourceTree = SOURCE_ROOT; };
E48440B26B00A7C0DD79F482 = { isa = PBXBuildFile; fileRef = A0656D9DC3689CC2DCC58FD8; };
541396A87640C4ADEA57155A = { isa = PBXFileReference; lastKnownFileType = sourcecode.swift; path = "StowKit/Features/DocumentViewer/StorageInspector.swift"; sourceTree = SOURCE_ROOT; };
3730848BF0195A4299F35CDD = { isa = PBXBuildFile; fileRef = 541396A87640C4ADEA57155A; };
02AC8E533F9C714489EAEB37 = { isa = PBXFileReference; lastKnownFileType = sourcecode.swift; path = "StowKit/Models/FilenameMetadata.swift"; sourceTree = SOURCE_ROOT; };
0BF30320932170E16C4A5CA8 = { isa = PBXFileReference; lastKnownFileType = sourcecode.swift; path = "StowKit/Models/FilingRule.swift"; sourceTree = SOURCE_ROOT; };
26F608A3C8D09BCCD083AE07 = { isa = PBXFileReference; lastKnownFileType = sourcecode.swift; path = "StowKit/Models/LibraryFilter.swift"; sourceTree = SOURCE_ROOT; };
82DA82F4CA2D97B50261B2AF = { isa = PBXBuildFile; fileRef = 26F608A3C8D09BCCD083AE07; };
4A73A4063D3FD48895A7D2F2 = { isa = PBXBuildFile; fileRef = 0BF30320932170E16C4A5CA8; };
10113105B3E97DFF5D7A99AB = { isa = PBXBuildFile; fileRef = 02AC8E533F9C714489EAEB37; };
2073C07D776DD98745013347 = { isa = PBXFileReference; lastKnownFileType = sourcecode.swift; path = "StowKit/Persistence/ArchiveRepository+Deletion.swift"; sourceTree = SOURCE_ROOT; };
5518BD2BB2954B73389EDA21 = { isa = PBXBuildFile; fileRef = 2073C07D776DD98745013347; };
BF836A093B8D23120B6AE92C = { isa = PBXFileReference; lastKnownFileType = sourcecode.swift; path = "StowKit/Features/Library/SyncStatusButton.swift"; sourceTree = SOURCE_ROOT; };
262C8B2333BD6A39E17D22EC = { isa = PBXBuildFile; fileRef = BF836A093B8D23120B6AE92C; };
6FEEDB05353DBB44399CE130 = { isa = PBXFileReference; lastKnownFileType = sourcecode.swift; path = "StowKit/Cloud/ArchiveMaintenance.swift"; sourceTree = SOURCE_ROOT; };
99DF2F3F581F917FD5A2D547 = { isa = PBXFileReference; lastKnownFileType = sourcecode.swift; path = "StowKit/Cloud/ArchiveCopies.swift"; sourceTree = SOURCE_ROOT; };
0B9D22DE3E5660303FCE7AAB = { isa = PBXBuildFile; fileRef = 99DF2F3F581F917FD5A2D547; };
E335649BAD15B28BA5049903 = { isa = PBXFileReference; lastKnownFileType = sourcecode.swift; path = "StowKit/Cloud/ArchiveResolver.swift"; sourceTree = SOURCE_ROOT; };
EE56CCD10106B2A6B3887F79 = { isa = PBXBuildFile; fileRef = E335649BAD15B28BA5049903; };
34601E924A2B7F58BCEAFC41 = { isa = PBXBuildFile; fileRef = 6FEEDB05353DBB44399CE130; };
7462967A17989818513C1090 = { isa = PBXFileReference; lastKnownFileType = sourcecode.swift; path = "StowKit/Models/Document.swift"; sourceTree = SOURCE_ROOT; };
23D67A10333727E71BA9EDF4 = { isa = PBXBuildFile; fileRef = 7462967A17989818513C1090; };
781021D628639EEAD8F59FF4 = { isa = PBXFileReference; lastKnownFileType = sourcecode.swift; path = "StowKit/Models/Processing.swift"; sourceTree = SOURCE_ROOT; };
0ABD1FAE2B0265C764CD0B74 = { isa = PBXBuildFile; fileRef = 781021D628639EEAD8F59FF4; };
49D49E38B0DECFA01496C902 = { isa = PBXFileReference; lastKnownFileType = sourcecode.swift; path = "StowKit/Models/Search.swift"; sourceTree = SOURCE_ROOT; };
A80373618694074B14A09F8F = { isa = PBXBuildFile; fileRef = 49D49E38B0DECFA01496C902; };
5F1200C180BAFF11AD8A17D3 = { isa = PBXFileReference; lastKnownFileType = sourcecode.swift; path = "StowKit/Persistence/ArchiveRepository+Intelligence.swift"; sourceTree = SOURCE_ROOT; };
45A7C3FEFE2981775C58ECB9 = { isa = PBXFileReference; lastKnownFileType = sourcecode.swift; path = "StowKit/Persistence/ArchiveRepository+Rules.swift"; sourceTree = SOURCE_ROOT; };
C8086B6FAC67818C59482D03 = { isa = PBXFileReference; lastKnownFileType = sourcecode.swift; path = "StowKit/Persistence/ArchiveRepository+Paperless.swift"; sourceTree = SOURCE_ROOT; };
68CC777A5D0BBF89E747E6DD = { isa = PBXBuildFile; fileRef = C8086B6FAC67818C59482D03; };
FBDB9B509421DD0A7C25832B = { isa = PBXFileReference; lastKnownFileType = sourcecode.swift; path = "StowKit/Persistence/ArchiveRepository+InboxBatch.swift"; sourceTree = SOURCE_ROOT; };
8BEFD28DFE4BAE523C2A9F9A = { isa = PBXBuildFile; fileRef = FBDB9B509421DD0A7C25832B; };
85EBCA0701FF35B6D3823CF4 = { isa = PBXBuildFile; fileRef = 45A7C3FEFE2981775C58ECB9; };
ACAFF96EC81BF73A4818DD57 = { isa = PBXBuildFile; fileRef = 5F1200C180BAFF11AD8A17D3; };
27D7D97E76EA7A385BBE8EB3 = { isa = PBXFileReference; lastKnownFileType = sourcecode.swift; path = "StowKit/Persistence/ArchiveRepository+Processing.swift"; sourceTree = SOURCE_ROOT; };
BA294F9A67B6920DB8E590F7 = { isa = PBXBuildFile; fileRef = 27D7D97E76EA7A385BBE8EB3; };
98AC055094BB2A74C0208E2C = { isa = PBXFileReference; lastKnownFileType = sourcecode.swift; path = "StowKit/Persistence/ArchiveRepository.swift"; sourceTree = SOURCE_ROOT; };
AD2868715A0FA6B688ED8253 = { isa = PBXBuildFile; fileRef = 98AC055094BB2A74C0208E2C; };
0802300C66667667D3E7DD22 = { isa = PBXFileReference; lastKnownFileType = sourcecode.swift; path = "StowKit/Persistence/ArchiveSchema.swift"; sourceTree = SOURCE_ROOT; };
8394B78FA8F34B4924F7C603 = { isa = PBXBuildFile; fileRef = 0802300C66667667D3E7DD22; };
D1C10EA1D99F952442ABC29C = { isa = PBXFileReference; lastKnownFileType = sourcecode.swift; path = "StowKit/Persistence/IntelligenceSchema.swift"; sourceTree = SOURCE_ROOT; };
44579B4469E2F7581CA1F3DC = { isa = PBXBuildFile; fileRef = D1C10EA1D99F952442ABC29C; };
67759A3EC49A92A744E723B4 = { isa = PBXFileReference; lastKnownFileType = sourcecode.swift; path = "StowKit/Persistence/ProcessingSchema.swift"; sourceTree = SOURCE_ROOT; };
B497CB1DEEE3B762A187D46E = { isa = PBXBuildFile; fileRef = 67759A3EC49A92A744E723B4; };
85751F4BC52908C2027B79D2 = { isa = PBXFileReference; lastKnownFileType = sourcecode.swift; path = "StowKit/Persistence/SearchSchema.swift"; sourceTree = SOURCE_ROOT; };
C76914A71E94912535B09D7C = { isa = PBXBuildFile; fileRef = 85751F4BC52908C2027B79D2; };
5E2DFB8947FC5F85E01A193E = { isa = PBXFileReference; lastKnownFileType = sourcecode.swift; path = "StowKit/Services/DocumentImporter.swift"; sourceTree = SOURCE_ROOT; };
DA1E877395C0425B4FF2D2F4 = { isa = PBXBuildFile; fileRef = 5E2DFB8947FC5F85E01A193E; };
635DFB3065764F3F8826F2D1 = { isa = PBXFileReference; lastKnownFileType = sourcecode.swift; path = "StowKit/Services/DocumentIntelligenceProcessor.swift"; sourceTree = SOURCE_ROOT; };
263AAB38382D5DAAA84A6616 = { isa = PBXBuildFile; fileRef = 635DFB3065764F3F8826F2D1; };
5C5693A523127EE220D6D88F = { isa = PBXFileReference; lastKnownFileType = sourcecode.swift; path = "StowKit/Services/DocumentProcessor.swift"; sourceTree = SOURCE_ROOT; };
D31A6464BF4EDA9310A8D65D = { isa = PBXBuildFile; fileRef = 5C5693A523127EE220D6D88F; };
2F30E9851AC295A668A8092E = { isa = PBXFileReference; lastKnownFileType = sourcecode.swift; path = "StowKit/Services/DocumentStorageManager.swift"; sourceTree = SOURCE_ROOT; };
0A051A1EE3A0F1293EB08734 = { isa = PBXFileReference; lastKnownFileType = sourcecode.swift; path = "StowKit/Services/ArchiveExporter.swift"; sourceTree = SOURCE_ROOT; };
5233B6A2F21BD8860928ED0D = { isa = PBXFileReference; lastKnownFileType = sourcecode.swift; path = "StowKit/Services/ReminderService.swift"; sourceTree = SOURCE_ROOT; };
6169E9DEEB92B81363A424E5 = { isa = PBXBuildFile; fileRef = 5233B6A2F21BD8860928ED0D; };
07A9D86B9C0C27F338D00D44 = { isa = PBXFileReference; lastKnownFileType = sourcecode.swift; path = "StowKit/Services/PaperlessExport.swift"; sourceTree = SOURCE_ROOT; };
7F6F035BE6D9E8D510C52B49 = { isa = PBXBuildFile; fileRef = 07A9D86B9C0C27F338D00D44; };
2BF7768FC7368F17AFC186EA = { isa = PBXBuildFile; fileRef = 0A051A1EE3A0F1293EB08734; };
6B39CE1DF8386CBE1D665A42 = { isa = PBXBuildFile; fileRef = 2F30E9851AC295A668A8092E; };
C4CB74FFA636D6DD1F85B676 = { isa = PBXFileReference; lastKnownFileType = sourcecode.swift; path = "StowKit/Services/FullTextIndex.swift"; sourceTree = SOURCE_ROOT; };
DC96B2093220B5F75BB5B86A = { isa = PBXBuildFile; fileRef = C4CB74FFA636D6DD1F85B676; };
A55E52C0A4AD21B8A249603C = { isa = PBXFileReference; lastKnownFileType = sourcecode.swift; path = "StowKit/Services/OCRService.swift"; sourceTree = SOURCE_ROOT; };
BAE3C1F4BAD83F5377982D45 = { isa = PBXBuildFile; fileRef = A55E52C0A4AD21B8A249603C; };
F23C7F2F463155CB8C317C58 = { isa = PBXFileReference; lastKnownFileType = sourcecode.swift; path = "StowKit/Services/TextSearchService+Intelligence.swift"; sourceTree = SOURCE_ROOT; };
118176DD2106F3067ADDE44E = { isa = PBXBuildFile; fileRef = F23C7F2F463155CB8C317C58; };
7CC71E235B122F471BC990FE = { isa = PBXFileReference; lastKnownFileType = sourcecode.swift; path = "StowKit/Services/TextSearchService.swift"; sourceTree = SOURCE_ROOT; };
4222C5B204BF98C5D9CEF315 = { isa = PBXBuildFile; fileRef = 7CC71E235B122F471BC990FE; };
50A06EC9EE649F7700837124 = { isa = PBXFileReference; lastKnownFileType = sourcecode.swift; path = "StowKit/Services/ThumbnailService.swift"; sourceTree = SOURCE_ROOT; };
DC8CF4C25AA0E163D99214D9 = { isa = PBXBuildFile; fileRef = 50A06EC9EE649F7700837124; };
38A007151ABE87CC01A5B6E9 = { isa = PBXFileReference; explicitFileType = wrapper.application; path = StowKit.app; sourceTree = BUILT_PRODUCTS_DIR; };
64292B1C2B2E13EAD8788FC8 = { isa = PBXGroup; children = (58D7428B4ACF5FD4030C44D6, 4BE68C1171FBF59CC7D34A77, 442D5EE8C3DDE7D11F2897CB, 6FEEDB05353DBB44399CE130, 99DF2F3F581F917FD5A2D547, E335649BAD15B28BA5049903, BF836A093B8D23120B6AE92C, 2073C07D776DD98745013347, 02AC8E533F9C714489EAEB37, 0BF30320932170E16C4A5CA8, 26F608A3C8D09BCCD083AE07, 541396A87640C4ADEA57155A, A0656D9DC3689CC2DCC58FD8, 72EE60A5A6B6AA02350820AB, DEC61178702B9F76EB775EA7, 0B9D64D2D3D19C61B08A7DBE, DCD5EBD51DD78E786A9BBAB0, 51FBE846D0855E03269E0ADC, 4EDEFEFA3F92910425076C7C, 9CC3EBA2417C9B37F12671C0, 20F8FD84435DE247AEE0F806, CF605CD8C8D4FC066C4D627B, 9BC45A77D034F012EBF0DC47, E07771A3EF4ED5AAA3B7186C, 0441F293FB91AEDF5F01DB8F, 27428F6653DEFF9C51F3BBBE, D102DFB9C12FF29730D30C31, FDC85A9BA3AFA502BAA492BF, 021E111DB0DF2B9038050E95, 0918EB2174F9CFE752BEAE40, BF5278EAB9031429C49481F7, D86855C9F0924E342069C30B, B3ED61335751B1A14750D563, 9D2532FB24693CC22DA85EAE, 042DEAE6E6299F1C736E05A9, 50DA41C9199CD8E422D6F5D7, 7E2BBAF152A87E3FB0441DB6, B993E1CA885589E6FBCE4497, C34BF991EA6A985E56BE63D5, 4CE7F865110DB3DB0272DDF4, B7D5DAF3BDEC2B44A8A7AAEA, 6E6AA48223354051E1F6466C, CA6F76C22A3A37FB169F95F9, 39702E5CC26F603D8AAF91D9, 42242AFADE1B034AF3BB8F80, 4BB8A0B530208C132ECF38AC, 8EDFB1FBA342D31C796091FE, 9051466215C1BA545E4FAFBD, 3FB3344DF19A32BCFBE0874E, 5D53C511FF4F18D0A7F2555B, CE12998618369E48B346F27F, 14A139B9A39A087E42B76373, DF2E83EFE0860EAA45E04E3E, 7462967A17989818513C1090, 781021D628639EEAD8F59FF4, 49D49E38B0DECFA01496C902, 5F1200C180BAFF11AD8A17D3, 45A7C3FEFE2981775C58ECB9, C8086B6FAC67818C59482D03, FBDB9B509421DD0A7C25832B, 27D7D97E76EA7A385BBE8EB3, 98AC055094BB2A74C0208E2C, 0802300C66667667D3E7DD22, D1C10EA1D99F952442ABC29C, 67759A3EC49A92A744E723B4, 85751F4BC52908C2027B79D2, 5E2DFB8947FC5F85E01A193E, 635DFB3065764F3F8826F2D1, 5C5693A523127EE220D6D88F, 2F30E9851AC295A668A8092E, 0A051A1EE3A0F1293EB08734, 5233B6A2F21BD8860928ED0D, 07A9D86B9C0C27F338D00D44, C4CB74FFA636D6DD1F85B676, A55E52C0A4AD21B8A249603C, F23C7F2F463155CB8C317C58, 7CC71E235B122F471BC990FE, 50A06EC9EE649F7700837124, FBDC4F23F93125BBEEAE800C, 8B7A6DECC0651D269EA794C7); sourceTree = "<group>"; };
FBDC4F23F93125BBEEAE800C = { isa = PBXGroup; children = (38A007151ABE87CC01A5B6E9, B7480EC88B7F22D0A4757273, 581A6C654BF55CFFF6F08C5C); name = Products; sourceTree = "<group>"; };
BCE16DD0260827ECF338C787 = { isa = PBXSourcesBuildPhase; buildActionMask = 2147483647; files = (6FDA435BE3578F789F00314C, 34601E924A2B7F58BCEAFC41, 0B9D22DE3E5660303FCE7AAB, EE56CCD10106B2A6B3887F79, 262C8B2333BD6A39E17D22EC, 5518BD2BB2954B73389EDA21, 10113105B3E97DFF5D7A99AB, 4A73A4063D3FD48895A7D2F2, 82DA82F4CA2D97B50261B2AF, 3730848BF0195A4299F35CDD, E48440B26B00A7C0DD79F482, 7DB3C5E087D219FDCC0EDCF9, 3AA5E5E05A45FE6D2D77999A, F0409EFDC22FDC270B459A2D, FC1F99484A2CC2F2AE3660CF, 2DC3D92F75B6CBE3B9B2F926, FE4ABBD09037A1ECF4922F01, A083BB4FA50C448BE7574268, 487506EC9459B1A02E20B935, 79FC0FE6C1F5BAA7A7DED26F, 764476345A99A2EA9C1BE5BA, E38F65B62596FCE5D3B972DD, 3A4634CF1599F940F11D185C, 91A37FE6D244C50237EC44F0, 428DFC41C0617EB1476D00DF, 942DBB001F32C08234E5CB20, 25585F1352E1A34AFCBF38DE, 7B40B5121F1247E95E367694, 53F70BC759C3F7AE6FBA05E6, 4A5462FE9AE85ACF85869634, 24503C97948286A22D45A5BD, C3EA9742A880B18E4965BE2E, 836EA3ACC73528FAF3C8A339, 284B6E0FE9609C4C84A78E3F, 15EF950F6351C8658808B539, 96D1FA386BEC58B5314BCFFC, 515413DACC7D7B676E1F08E2, A17CD8552A9548E90D03A8FA, 06B8ECDA16C4016E8E821197, 1591C7A7F80AE3E255CDE741, D189B31936A16A617FF91BAA, CBD4870F4AAEB65DEEDC1A23, 726C6709EBF9D06EF096752F, BCB66CF74DFBD2F5CAFE07B2, 0F12636F5F2A1878F7697D46, B30C2AED4C744D8325D66081, 4D96D35BEB4ED74AEF503F6C, 380E5C31211C4BF4CDD0D1D4, 6FA22E97A3E97FC3F5C0E143, AFDC67958D15342D44AA592B, FE6927336E3E3BC55693033B, 23D67A10333727E71BA9EDF4, 0ABD1FAE2B0265C764CD0B74, A80373618694074B14A09F8F, ACAFF96EC81BF73A4818DD57, 85EBCA0701FF35B6D3823CF4, 68CC777A5D0BBF89E747E6DD, 8BEFD28DFE4BAE523C2A9F9A, BA294F9A67B6920DB8E590F7, AD2868715A0FA6B688ED8253, 8394B78FA8F34B4924F7C603, 44579B4469E2F7581CA1F3DC, B497CB1DEEE3B762A187D46E, C76914A71E94912535B09D7C, DA1E877395C0425B4FF2D2F4, 263AAB38382D5DAAA84A6616, D31A6464BF4EDA9310A8D65D, 6B39CE1DF8386CBE1D665A42, 2BF7768FC7368F17AFC186EA, 6169E9DEEB92B81363A424E5, 7F6F035BE6D9E8D510C52B49, DC96B2093220B5F75BB5B86A, BAE3C1F4BAD83F5377982D45, 118176DD2106F3067ADDE44E, 4222C5B204BF98C5D9CEF315, DC8CF4C25AA0E163D99214D9); runOnlyForDeploymentPostprocessing = 0; };
7561BFB015D8F536760CB671 = { isa = PBXFrameworksBuildPhase; buildActionMask = 2147483647; files = (827E8B253107D21CE9382544); runOnlyForDeploymentPostprocessing = 0; };
0189424A5A60FED329FA868E = { isa = PBXResourcesBuildPhase; buildActionMask = 2147483647; files = (DECED9A3E85BA56A70A4D7D2); runOnlyForDeploymentPostprocessing = 0; };
0E8A3AD980EC179856012B7E = { isa = PBXNativeTarget; buildConfigurationList = F497FD0CF9CA1625C4A860DE; buildPhases = (BCE16DD0260827ECF338C787, 7561BFB015D8F536760CB671, 0189424A5A60FED329FA868E, 65716CC156F7C576F3479D2A); buildRules = (); dependencies = (42BB48D6FFD5D9CE36C6FB53); name = StowKit; packageProductDependencies = (9F4B72815D80F634875645B8); productName = StowKit; productReference = 38A007151ABE87CC01A5B6E9; productType = "com.apple.product-type.application"; };
98F54143AB4E86B28C3AFEE0 = { isa = PBXProject; attributes = { LastSwiftUpdateCheck = 2630; LastUpgradeCheck = 2630; }; buildConfigurationList = 49EA05A46B1A86EA7E413B43; compatibilityVersion = "Xcode 14.0"; developmentRegion = en; hasScannedForEncodings = 0; knownRegions = (en, Base); mainGroup = 64292B1C2B2E13EAD8788FC8; productRefGroup = FBDC4F23F93125BBEEAE800C; projectDirPath = ""; projectRoot = ""; targets = (0E8A3AD980EC179856012B7E, 0A06C5E2DA34E686D888A695, 0B26572DDB81E8C3CA5B5CA1); packageReferences = (C099D8AA285B684B762D3338); };
7082CC0B6FC1282FCEABD07A = { isa = XCBuildConfiguration; buildSettings = { MACOSX_DEPLOYMENT_TARGET = 14.0; SDKROOT = macosx; CLANG_ENABLE_MODULES = YES; SWIFT_VERSION = 5.0; PRODUCT_BUNDLE_IDENTIFIER = com.stowkit.app; ASSETCATALOG_COMPILER_APPICON_NAME = AppIcon; LD_RUNPATH_SEARCH_PATHS = "$(inherited) @executable_path/../Frameworks"; PRODUCT_NAME = "$(TARGET_NAME)"; GENERATE_INFOPLIST_FILE = YES; INFOPLIST_KEY_LSApplicationCategoryType = "public.app-category.productivity"; INFOPLIST_KEY_CFBundleDisplayName = StowKit; INFOPLIST_KEY_NSRemindersFullAccessUsageDescription = "StowKit adds a reminder for a document’s due or renewal date when you click Add Reminder."; MARKETING_VERSION = 1.6.0; CURRENT_PROJECT_VERSION = 12; CODE_SIGN_STYLE = Automatic; CODE_SIGN_IDENTITY = "-"; ENABLE_APP_SANDBOX = YES; ENABLE_USER_SELECTED_FILES = readwrite; CODE_SIGN_ENTITLEMENTS = Config/StowKit.entitlements; SWIFT_EMIT_LOC_STRINGS = YES; ENABLE_TESTABILITY = YES; SWIFT_OPTIMIZATION_LEVEL = "-Onone"; DEBUG_INFORMATION_FORMAT = dwarf; }; name = Debug; };
639A7CA24D39909E713B47F7 = { isa = XCBuildConfiguration; buildSettings = { MACOSX_DEPLOYMENT_TARGET = 14.0; SDKROOT = macosx; CLANG_ENABLE_MODULES = YES; SWIFT_VERSION = 5.0; PRODUCT_BUNDLE_IDENTIFIER = com.stowkit.app; ASSETCATALOG_COMPILER_APPICON_NAME = AppIcon; LD_RUNPATH_SEARCH_PATHS = "$(inherited) @executable_path/../Frameworks"; PRODUCT_NAME = "$(TARGET_NAME)"; GENERATE_INFOPLIST_FILE = YES; INFOPLIST_KEY_LSApplicationCategoryType = "public.app-category.productivity"; INFOPLIST_KEY_CFBundleDisplayName = StowKit; INFOPLIST_KEY_NSRemindersFullAccessUsageDescription = "StowKit adds a reminder for a document’s due or renewal date when you click Add Reminder."; MARKETING_VERSION = 1.6.0; CURRENT_PROJECT_VERSION = 12; CODE_SIGN_STYLE = Automatic; CODE_SIGN_IDENTITY = "-"; ENABLE_APP_SANDBOX = YES; ENABLE_USER_SELECTED_FILES = readwrite; CODE_SIGN_ENTITLEMENTS = Config/StowKit.entitlements; SWIFT_EMIT_LOC_STRINGS = YES; ENABLE_TESTABILITY = YES; SWIFT_OPTIMIZATION_LEVEL = "-O"; }; name = Release; };
F497FD0CF9CA1625C4A860DE = { isa = XCConfigurationList; buildConfigurations = (7082CC0B6FC1282FCEABD07A, 639A7CA24D39909E713B47F7); defaultConfigurationIsVisible = 0; defaultConfigurationName = Release; };
89E1FD6268CC0F221A2BE178 = { isa = XCBuildConfiguration; buildSettings = { MACOSX_DEPLOYMENT_TARGET = 14.0; SDKROOT = macosx; CLANG_ENABLE_MODULES = YES; SWIFT_VERSION = 5.0; SWIFT_OPTIMIZATION_LEVEL = "-Onone"; DEBUG_INFORMATION_FORMAT = dwarf; }; name = Debug; };
E6DE6C99132752C914FEF632 = { isa = XCBuildConfiguration; buildSettings = { MACOSX_DEPLOYMENT_TARGET = 14.0; SDKROOT = macosx; CLANG_ENABLE_MODULES = YES; SWIFT_VERSION = 5.0; SWIFT_OPTIMIZATION_LEVEL = "-O"; }; name = Release; };
49EA05A46B1A86EA7E413B43 = { isa = XCConfigurationList; buildConfigurations = (89E1FD6268CC0F221A2BE178, E6DE6C99132752C914FEF632); defaultConfigurationIsVisible = 0; defaultConfigurationName = Release; };
102385B05537573310C03620 = { isa = PBXFileReference; lastKnownFileType = sourcecode.swift; path = "StowKitTests/ArchiveTests.swift"; sourceTree = SOURCE_ROOT; };
80FAC02A0BD5812E2A00F339 = { isa = PBXBuildFile; fileRef = 102385B05537573310C03620; };
B7480EC88B7F22D0A4757273 = { isa = PBXFileReference; explicitFileType = wrapper.cfbundle; path = StowKitTests.xctest; sourceTree = BUILT_PRODUCTS_DIR; };
8B7A6DECC0651D269EA794C7 = { isa = PBXGroup; children = (B45BCF3A7993054748AF4648, ECB497DED8DA98D89D1BF8E6, 6BBA5C50A533E56DA39A97B2, B639934F648441CEE1B09EF3, C062F2871E6CAB4D7703358B, 7B2F6EB20932369630280EEE, 2DABF0EBECE4AD26C82911B2, 756D040CDAE77070E26956F6, FC00ED79DE8742F4539622CD, 133CCAFED425492046D8E699, 5052D165161622CD465E5B12, BF5359881044D9869C31102D, 0CA5BBAD66A9AF5257849AC6, 4DDD4465B8CE9A52A27F6505, 1FC598B76858FF99706E66AE, 353605D2A8807948AC281AB0, 102385B05537573310C03620, 4606D0753810E2A12866B326, 7AD651E9A40CDE7150161B75, 45F863010D6D37CA6C7713D0); name = Tests; sourceTree = "<group>"; };
9F3002A5D69B22D357A58AA9 = { isa = PBXSourcesBuildPhase; buildActionMask = 2147483647; files = (729DDE4DCCAF79E9ED1F4042, 2C2EBADE8B11F245718C982F, 4A213A7B760EAC2C3E1E66D0, B4856D93B1A33138802389A3, 9F11C53318053EDAC9816C74, 0EF9EA3197ED864F7DAAE0E5, 17A81FD4A320616EAFC1528A, CA585D69EA4E4471E1D16759, 5542663B1A997AABC94D401E, B3446E6E531CE9203B41D7D5, CBA1BDB2491A54DC70A6A8D0, 7B1CEF00C76CC3D0BED15E6A, B840F64A67B8112A2BCFA82A, 68172A036132BE8AF472F94E, 42443DFA6912A8A5C02A286C, 5AF3A122AD3FBF845403FE37, 80FAC02A0BD5812E2A00F339, 1F96A9C8439F5DC224BBC96C, 99F84B6A5A95BC796EBA01FF, DF401399BB453B7A45A70150); runOnlyForDeploymentPostprocessing = 0; };
99C7943D90D870A50ADE9160 = { isa = PBXFrameworksBuildPhase; buildActionMask = 2147483647; files = (); runOnlyForDeploymentPostprocessing = 0; };
D799BAE6088A90139B415FCC = { isa = PBXContainerItemProxy; containerPortal = 98F54143AB4E86B28C3AFEE0; proxyType = 1; remoteGlobalIDString = 0E8A3AD980EC179856012B7E; remoteInfo = StowKit; };
DE58E2B17C19600779694943 = { isa = PBXTargetDependency; target = 0E8A3AD980EC179856012B7E; targetProxy = D799BAE6088A90139B415FCC; };
0A06C5E2DA34E686D888A695 = { isa = PBXNativeTarget; buildConfigurationList = 72C322F0960ECAD6090B486F; buildPhases = (9F3002A5D69B22D357A58AA9, 99C7943D90D870A50ADE9160); buildRules = (); dependencies = (DE58E2B17C19600779694943); name = StowKitTests; productName = StowKitTests; productReference = B7480EC88B7F22D0A4757273; productType = "com.apple.product-type.bundle.unit-test"; };
FCB48D8F88BCDB0ED9FADFD7 = { isa = XCBuildConfiguration; buildSettings = { MACOSX_DEPLOYMENT_TARGET = 14.0; SDKROOT = macosx; SWIFT_VERSION = 5.0; PRODUCT_BUNDLE_IDENTIFIER = com.stowkit.tests; PRODUCT_NAME = "$(TARGET_NAME)"; GENERATE_INFOPLIST_FILE = YES; CODE_SIGN_IDENTITY = "-"; CODE_SIGN_STYLE = Automatic; TEST_HOST = "$(BUILT_PRODUCTS_DIR)/StowKit.app/Contents/MacOS/StowKit"; BUNDLE_LOADER = "$(TEST_HOST)"; SWIFT_OPTIMIZATION_LEVEL = "-Onone"; }; name = Debug; };
942EEBBACD6C88CAE7F29B29 = { isa = XCBuildConfiguration; buildSettings = { MACOSX_DEPLOYMENT_TARGET = 14.0; SDKROOT = macosx; SWIFT_VERSION = 5.0; PRODUCT_BUNDLE_IDENTIFIER = com.stowkit.tests; PRODUCT_NAME = "$(TARGET_NAME)"; GENERATE_INFOPLIST_FILE = YES; CODE_SIGN_IDENTITY = "-"; CODE_SIGN_STYLE = Automatic; TEST_HOST = "$(BUILT_PRODUCTS_DIR)/StowKit.app/Contents/MacOS/StowKit"; BUNDLE_LOADER = "$(TEST_HOST)"; SWIFT_OPTIMIZATION_LEVEL = "-Onone"; }; name = Release; };
72C322F0960ECAD6090B486F = { isa = XCConfigurationList; buildConfigurations = (FCB48D8F88BCDB0ED9FADFD7, 942EEBBACD6C88CAE7F29B29); defaultConfigurationIsVisible = 0; defaultConfigurationName = Release; };
4606D0753810E2A12866B326 = { isa = PBXFileReference; lastKnownFileType = sourcecode.swift; path = "StowKitTests/ProcessingTests.swift"; sourceTree = SOURCE_ROOT; };
1F96A9C8439F5DC224BBC96C = { isa = PBXBuildFile; fileRef = 4606D0753810E2A12866B326; };
7AD651E9A40CDE7150161B75 = { isa = PBXFileReference; lastKnownFileType = sourcecode.swift; path = "StowKitTests/SearchTests.swift"; sourceTree = SOURCE_ROOT; };
99F84B6A5A95BC796EBA01FF = { isa = PBXBuildFile; fileRef = 7AD651E9A40CDE7150161B75; };
45F863010D6D37CA6C7713D0 = { isa = PBXFileReference; lastKnownFileType = sourcecode.swift; path = "StowKitTests/IntelligenceTests.swift"; sourceTree = SOURCE_ROOT; };
DF401399BB453B7A45A70150 = { isa = PBXBuildFile; fileRef = 45F863010D6D37CA6C7713D0; };
}; rootObject = 98F54143AB4E86B28C3AFEE0; }
